// !$*UTF8*$!
{
	archiveVersion = 1;
	classes = {
	};
	objectVersion = 56;
	objects = {

/* Begin PBXBuildFile section */
		B79916BF2C63CE5C00E5A5FF /* BlinkitDummyApp.swift in Sources */ = {isa = PBXBuildFile; fileRef = B79916BE2C63CE5C00E5A5FF /* BlinkitDummyApp.swift */; };
		B79916C12C63CE5C00E5A5FF /* ContentView.swift in Sources */ = {isa = PBXBuildFile; fileRef = B79916C02C63CE5C00E5A5FF /* ContentView.swift */; };
		B79916C32C63CE5F00E5A5FF /* Assets.xcassets in Resources */ = {isa = PBXBuildFile; fileRef = B79916C22C63CE5F00E5A5FF /* Assets.xcassets */; };
		B79916C62C63CE5F00E5A5FF /* Preview Assets.xcassets in Resources */ = {isa = PBXBuildFile; fileRef = B79916C52C63CE5F00E5A5FF /* Preview Assets.xcassets */; };
		B79916D22C63E74800E5A5FF /* SubProductView.swift in Sources */ = {isa = PBXBuildFile; fileRef = B79916D12C63E74800E5A5FF /* SubProductView.swift */; };
		B79916D42C63E7E300E5A5FF /* CategoriesView.swift in Sources */ = {isa = PBXBuildFile; fileRef = B79916D32C63E7E300E5A5FF /* CategoriesView.swift */; };
		B79916D62C63F02F00E5A5FF /* NavigationBar.swift in Sources */ = {isa = PBXBuildFile; fileRef = B79916D52C63F02F00E5A5FF /* NavigationBar.swift */; };
		B79916D82C640D0C00E5A5FF /* CategoryItemView.swift in Sources */ = {isa = PBXBuildFile; fileRef = B79916D72C640D0B00E5A5FF /* CategoryItemView.swift */; };
		B79916DA2C64A7FB00E5A5FF /* CategoryItemTag.swift in Sources */ = {isa = PBXBuildFile; fileRef = B79916D92C64A7FA00E5A5FF /* CategoryItemTag.swift */; };
		B79916DC2C64DD5700E5A5FF /* customButton.swift in Sources */ = {isa = PBXBuildFile; fileRef = B79916DB2C64DD5700E5A5FF /* customButton.swift */; };
		B79916DE2C64ED8A00E5A5FF /* MockData.swift in Sources */ = {isa = PBXBuildFile; fileRef = B79916DD2C64ED8A00E5A5FF /* MockData.swift */; };
/* End PBXBuildFile section */

/* Begin PBXFileReference section */
		B79916BB2C63CE5C00E5A5FF /* BlinkitDummy.app */ = {isa = PBXFileReference; explicitFileType = wrapper.application; includeInIndex = 0; path = BlinkitDummy.app; sourceTree = BUILT_PRODUCTS_DIR; };
		B79916BE2C63CE5C00E5A5FF /* BlinkitDummyApp.swift */ = {isa = PBXFileReference; lastKnownFileType = sourcecode.swift; path = BlinkitDummyApp.swift; sourceTree = "<group>"; };
		B79916C02C63CE5C00E5A5FF /* ContentView.swift */ = {isa = PBXFileReference; lastKnownFileType = sourcecode.swift; path = ContentView.swift; sourceTree = "<group>"; };
		B79916C22C63CE5F00E5A5FF /* Assets.xcassets */ = {isa = PBXFileReference; lastKnownFileType = folder.assetcatalog; path = Assets.xcassets; sourceTree = "<group>"; };
		B79916C52C63CE5F00E5A5FF /* Preview Assets.xcassets */ = {isa = PBXFileReference; lastKnownFileType = folder.assetcatalog; path = "Preview Assets.xcassets"; sourceTree = "<group>"; };
		B79916D12C63E74800E5A5FF /* SubProductView.swift */ = {isa = PBXFileReference; lastKnownFileType = sourcecode.swift; path = SubProductView.swift; sourceTree = "<group>"; };
		B79916D32C63E7E300E5A5FF /* CategoriesView.swift */ = {isa = PBXFileReference; lastKnownFileType = sourcecode.swift; path = CategoriesView.swift; sourceTree = "<group>"; };
		B79916D52C63F02F00E5A5FF /* NavigationBar.swift */ = {isa = PBXFileReference; lastKnownFileType = sourcecode.swift; path = NavigationBar.swift; sourceTree = "<group>"; };
		B79916D72C640D0B00E5A5FF /* CategoryItemView.swift */ = {isa = PBXFileReference; lastKnownFileType = sourcecode.swift; path = CategoryItemView.swift; sourceTree = "<group>"; };
		B79916D92C64A7FA00E5A5FF /* CategoryItemTag.swift */ = {isa = PBXFileReference; lastKnownFileType = sourcecode.swift; path = CategoryItemTag.swift; sourceTree = "<group>"; };
		B79916DB2C64DD5700E5A5FF /* customButton.swift */ = {isa = PBXFileReference; lastKnownFileType = sourcecode.swift; path = customButton.swift; sourceTree = "<group>"; };
		B79916DD2C64ED8A00E5A5FF /* MockData.swift */ = {isa = PBXFileReference; lastKnownFileType = sourcecode.swift; path = MockData.swift; sourceTree = "<group>"; };
/* End PBXFileReference section */

/* Begin PBXFrameworksBuildPhase section */
		B79916B82C63CE5C00E5A5FF /* Frameworks */ = {
			isa = PBXFrameworksBuildPhase;
			buildActionMask = 2147483647;
			files = (
			);
			runOnlyForDeploymentPostprocessing = 0;
		};
/* End PBXFrameworksBuildPhase section */

/* Begin PBXGroup section */
		B79916B22C63CE5C00E5A5FF = {
			isa = PBXGroup;
			children = (
				B79916BD2C63CE5C00E5A5FF /* BlinkitDummy */,
				B79916BC2C63CE5C00E5A5FF /* Products */,
			);
			sourceTree = "<group>";
		};
		B79916BC2C63CE5C00E5A5FF /* Products */ = {
			isa = PBXGroup;
			children = (
				B79916BB2C63CE5C00E5A5FF /* BlinkitDummy.app */,
			);
			name = Products;
			sourceTree = "<group>";
		};
		B79916BD2C63CE5C00E5A5FF /* BlinkitDummy */ = {
			isa = PBXGroup;
			children = (
				B79916CE2C63E56400E5A5FF /* Utils */,
				B79916CD2C63E55B00E5A5FF /* Models */,
				B79916CC2C63E55500E5A5FF /* Views */,
				B79916C22C63CE5F00E5A5FF /* Assets.xcassets */,
				B79916C42C63CE5F00E5A5FF /* Preview Content */,
			);
			path = BlinkitDummy;
			sourceTree = "<group>";
		};
		B79916C42C63CE5F00E5A5FF /* Preview Content */ = {
			isa = PBXGroup;
			children = (
				B79916C52C63CE5F00E5A5FF /* Preview Assets.xcassets */,
			);
			path = "Preview Content";
			sourceTree = "<group>";
		};
		B79916CC2C63E55500E5A5FF /* Views */ = {
			isa = PBXGroup;
			children = (
				B79916D02C63E57C00E5A5FF /* Components */,
				B79916CF2C63E57300E5A5FF /* Main */,
			);
			path = Views;
			sourceTree = "<group>";
		};
		B79916CD2C63E55B00E5A5FF /* Models */ = {
			isa = PBXGroup;
			children = (
			);
			path = Models;
			sourceTree = "<group>";
		};
		B79916CE2C63E56400E5A5FF /* Utils */ = {
			isa = PBXGroup;
			children = (
				B79916DD2C64ED8A00E5A5FF /* MockData.swift */,
			);
			path = Utils;
			sourceTree = "<group>";
		};
		B79916CF2C63E57300E5A5FF /* Main */ = {
			isa = PBXGroup;
			children = (
				B79916C02C63CE5C00E5A5FF /* ContentView.swift */,
				B79916BE2C63CE5C00E5A5FF /* BlinkitDummyApp.swift */,
				B79916D12C63E74800E5A5FF /* SubProductView.swift */,
			);
			path = Main;
			sourceTree = "<group>";
		};
		B79916D02C63E57C00E5A5FF /* Components */ = {
			isa = PBXGroup;
			children = (
				B79916D32C63E7E300E5A5FF /* CategoriesView.swift */,
				B79916D52C63F02F00E5A5FF /* NavigationBar.swift */,
				B79916D72C640D0B00E5A5FF /* CategoryItemView.swift */,
				B79916D92C64A7FA00E5A5FF /* CategoryItemTag.swift */,
				B79916DB2C64DD5700E5A5FF /* customButton.swift */,
			);
			path = Components;
			sourceTree = "<group>";
		};
/* End PBXGroup section */

/* Begin PBXNativeTarget section */
		B79916BA2C63CE5C00E5A5FF /* BlinkitDummy */ = {
			isa = PBXNativeTarget;
			buildConfigurationList = B79916C92C63CE5F00E5A5FF /* Build configuration list for PBXNativeTarget "BlinkitDummy" */;
			buildPhases = (
				B79916B72C63CE5C00E5A5FF /* Sources */,
				B79916B82C63CE5C00E5A5FF /* Frameworks */,
				B79916B92C63CE5C00E5A5FF /* Resources */,
			);
			buildRules = (
			);
			dependencies = (
			);
			name = BlinkitDummy;
			productName = BlinkitDummy;
			productReference = B79916BB2C63CE5C00E5A5FF /* BlinkitDummy.app */;
			productType = "com.apple.product-type.application";
		};
/* End PBXNativeTarget section */

/* Begin PBXProject section */
		B79916B32C63CE5C00E5A5FF /* Project object */ = {
			isa = PBXProject;
			attributes = {
				BuildIndependentTargetsInParallel = 1;
				LastSwiftUpdateCheck = 1540;
				LastUpgradeCheck = 1540;
				TargetAttributes = {
					B79916BA2C63CE5C00E5A5FF = {
						CreatedOnToolsVersion = 15.4;
					};
				};
			};
			buildConfigurationList = B79916B62C63CE5C00E5A5FF /* Build configuration list for PBXProject "BlinkitDummy" */;
			compatibilityVersion = "Xcode 14.0";
			developmentRegion = en;
			hasScannedForEncodings = 0;
			knownRegions = (
				en,
				Base,
			);
			mainGroup = B79916B22C63CE5C00E5A5FF;
			productRefGroup = B79916BC2C63CE5C00E5A5FF /* Products */;
			projectDirPath = "";
			projectRoot = "";
			targets = (
				B79916BA2C63CE5C00E5A5FF /* BlinkitDummy */,
			);
		};
/* End PBXProject section */

/* Begin PBXResourcesBuildPhase section */
		B79916B92C63CE5C00E5A5FF /* Resources */ = {
			isa = PBXResourcesBuildPhase;
			buildActionMask = 2147483647;
			files = (
				B79916C62C63CE5F00E5A5FF /* Preview Assets.xcassets in Resources */,
				B79916C32C63CE5F00E5A5FF /* Assets.xcassets in Resources */,
			);
			runOnlyForDeploymentPostprocessing = 0;
		};
/* End PBXResourcesBuildPhase section */

/* Begin PBXSourcesBuildPhase section */
		B79916B72C63CE5C00E5A5FF /* Sources */ = {
			isa = PBXSourcesBuildPhase;
			buildActionMask = 2147483647;
			files = (
				B79916D62C63F02F00E5A5FF /* NavigationBar.swift in Sources */,
				B79916D42C63E7E300E5A5FF /* CategoriesView.swift in Sources */,
				B79916DA2C64A7FB00E5A5FF /* CategoryItemTag.swift in Sources */,
				B79916D22C63E74800E5A5FF /* SubProductView.swift in Sources */,
				B79916DE2C64ED8A00E5A5FF /* MockData.swift in Sources */,
				B79916DC2C64DD5700E5A5FF /* customButton.swift in Sources */,
				B79916D82C640D0C00E5A5FF /* CategoryItemView.swift in Sources */,
				B79916C12C63CE5C00E5A5FF /* ContentView.swift in Sources */,
				B79916BF2C63CE5C00E5A5FF /* BlinkitDummyApp.swift in Sources */,
			);
			runOnlyForDeploymentPostprocessing = 0;
		};
/* End PBXSourcesBuildPhase section */

/* Begin XCBuildConfiguration section */
		B79916C72C63CE5F00E5A5FF /* Debug */ = {
			isa = XCBuildConfiguration;
			buildSettings = {
				ALWAYS_SEARCH_USER_PATHS = NO;
				ASSETCATALOG_COMPILER_GENERATE_SWIFT_ASSET_SYMBOL_EXTENSIONS = YES;
				CLANG_ANALYZER_NONNULL = YES;
				CLANG_ANALYZER_NUMBER_OBJECT_CONVERSION = YES_AGGRESSIVE;
				CLANG_CXX_LANGUAGE_STANDARD = "gnu++20";
				CLANG_ENABLE_MODULES = YES;
				CLANG_ENABLE_OBJC_ARC = YES;
				CLANG_ENABLE_OBJC_WEAK = YES;
				CLANG_WARN_BLOCK_CAPTURE_AUTORELEASING = YES;
				CLANG_WARN_BOOL_CONVERSION = YES;
				CLANG_WARN_COMMA = YES;
				CLANG_WARN_CONSTANT_CONVERSION = YES;
				CLANG_WARN_DEPRECATED_OBJC_IMPLEMENTATIONS = YES;
				CLANG_WARN_DIRECT_OBJC_ISA_USAGE = YES_ERROR;
				CLANG_WARN_DOCUMENTATION_COMMENTS = YES;
				CLANG_WARN_EMPTY_BODY = YES;
				CLANG_WARN_ENUM_CONVERSION = YES;
				CLANG_WARN_INFINITE_RECURSION = YES;
				CLANG_WARN_INT_CONVERSION = YES;
				CLANG_WARN_NON_LITERAL_NULL_CONVERSION = YES;
				CLANG_WARN_OBJC_IMPLICIT_RETAIN_SELF = YES;
				CLANG_WARN_OBJC_LITERAL_CONVERSION = YES;
				CLANG_WARN_OBJC_ROOT_CLASS = YES_ERROR;
				CLANG_WARN_QUOTED_INCLUDE_IN_FRAMEWORK_HEADER = YES;
				CLANG_WARN_RANGE_LOOP_ANALYSIS = YES;
				CLANG_WARN_STRICT_PROTOTYPES = YES;
				CLANG_WARN_SUSPICIOUS_MOVE = YES;
				CLANG_WARN_UNGUARDED_AVAILABILITY = YES_AGGRESSIVE;
				CLANG_WARN_UNREACHABLE_CODE = YES;
				CLANG_WARN__DUPLICATE_METHOD_MATCH = YES;
				COPY_PHASE_STRIP = NO;
				DEBUG_INFORMATION_FORMAT = dwarf;
				ENABLE_STRICT_OBJC_MSGSEND = YES;
				ENABLE_TESTABILITY = YES;
				ENABLE_USER_SCRIPT_SANDBOXING = YES;
				GCC_C_LANGUAGE_STANDARD = gnu17;
				GCC_DYNAMIC_NO_PIC = NO;
				GCC_NO_COMMON_BLOCKS = YES;
				GCC_OPTIMIZATION_LEVEL = 0;
				GCC_PREPROCESSOR_DEFINITIONS = (
					"DEBUG=1",
					"$(inherited)",
				);
				GCC_WARN_64_TO_32_BIT_CONVERSION = YES;
				GCC_WARN_ABOUT_RETURN_TYPE = YES_ERROR;
				GCC_WARN_UNDECLARED_SELECTOR = YES;
				GCC_WARN_UNINITIALIZED_AUTOS = YES_AGGRESSIVE;
				GCC_WARN_UNUSED_FUNCTION = YES;
				GCC_WARN_UNUSED_VARIABLE = YES;
				IPHONEOS_DEPLOYMENT_TARGET = 17.5;
				LOCALIZATION_PREFERS_STRING_CATALOGS = YES;
				MTL_ENABLE_DEBUG_INFO = INCLUDE_SOURCE;
				MTL_FAST_MATH = YES;
				ONLY_ACTIVE_ARCH = YES;
				SDKROOT = iphoneos;
				SWIFT_ACTIVE_COMPILATION_CONDITIONS = "DEBUG $(inherited)";
				SWIFT_OPTIMIZATION_LEVEL = "-Onone";
			};
			name = Debug;
		};
		B79916C82C63CE5F00E5A5FF /* Release */ = {
			isa = XCBuildConfiguration;
			buildSettings = {
				ALWAYS_SEARCH_USER_PATHS = NO;
				ASSETCATALOG_COMPILER_GENERATE_SWIFT_ASSET_SYMBOL_EXTENSIONS = YES;
				CLANG_ANALYZER_NONNULL = YES;
				CLANG_ANALYZER_NUMBER_OBJECT_CONVERSION = YES_AGGRESSIVE;
				CLANG_CXX_LANGUAGE_STANDARD = "gnu++20";
				CLANG_ENABLE_MODULES = YES;
				CLANG_ENABLE_OBJC_ARC = YES;
				CLANG_ENABLE_OBJC_WEAK = YES;
				CLANG_WARN_BLOCK_CAPTURE_AUTORELEASING = YES;
				CLANG_WARN_BOOL_CONVERSION = YES;
				CLANG_WARN_COMMA = YES;
				CLANG_WARN_CONSTANT_CONVERSION = YES;
				CLANG_WARN_DEPRECATED_OBJC_IMPLEMENTATIONS = YES;
				CLANG_WARN_DIRECT_OBJC_ISA_USAGE = YES_ERROR;
				CLANG_WARN_DOCUMENTATION_COMMENTS = YES;
				CLANG_WARN_EMPTY_BODY = YES;
				CLANG_WARN_ENUM_CONVERSION = YES;
				CLANG_WARN_INFINITE_RECURSION = YES;
				CLANG_WARN_INT_CONVERSION = YES;
				CLANG_WARN_NON_LITERAL_NULL_CONVERSION = YES;
				CLANG_WARN_OBJC_IMPLICIT_RETAIN_SELF = YES;
				CLANG_WARN_OBJC_LITERAL_CONVERSION = YES;
				CLANG_WARN_OBJC_ROOT_CLASS = YES_ERROR;
				CLANG_WARN_QUOTED_INCLUDE_IN_FRAMEWORK_HEADER = YES;
				CLANG_WARN_RANGE_LOOP_ANALYSIS = YES;
				CLANG_WARN_STRICT_PROTOTYPES = YES;
				CLANG_WARN_SUSPICIOUS_MOVE = YES;
				CLANG_WARN_UNGUARDED_AVAILABILITY = YES_AGGRESSIVE;
				CLANG_WARN_UNREACHABLE_CODE = YES;
				CLANG_WARN__DUPLICATE_METHOD_MATCH = YES;
				COPY_PHASE_STRIP = NO;
				DEBUG_INFORMATION_FORMAT = "dwarf-with-dsym";
				ENABLE_NS_ASSERTIONS = NO;
				ENABLE_STRICT_OBJC_MSGSEND = YES;
				ENABLE_USER_SCRIPT_SANDBOXING = YES;
				GCC_C_LANGUAGE_STANDARD = gnu17;
				GCC_NO_COMMON_BLOCKS = YES;
				GCC_WARN_64_TO_32_BIT_CONVERSION = YES;
				GCC_WARN_ABOUT_RETURN_TYPE = YES_ERROR;
				GCC_WARN_UNDECLARED_SELECTOR = YES;
				GCC_WARN_UNINITIALIZED_AUTOS = YES_AGGRESSIVE;
				GCC_WARN_UNUSED_FUNCTION = YES;
				GCC_WARN_UNUSED_VARIABLE = YES;
				IPHONEOS_DEPLOYMENT_TARGET = 17.5;
				LOCALIZATION_PREFERS_STRING_CATALOGS = YES;
				MTL_ENABLE_DEBUG_INFO = NO;
				MTL_FAST_MATH = YES;
				SDKROOT = iphoneos;
				SWIFT_COMPILATION_MODE = wholemodule;
				VALIDATE_PRODUCT = YES;
			};
			name = Release;
		};
		B79916CA2C63CE5F00E5A5FF /* Debug */ = {
			isa = XCBuildConfiguration;
			buildSettings = {
				ASSETCATALOG_COMPILER_APPICON_NAME = AppIcon;
				ASSETCATALOG_COMPILER_GLOBAL_ACCENT_COLOR_NAME = AccentColor;
				CODE_SIGN_STYLE = Automatic;
				CURRENT_PROJECT_VERSION = 1;
				DEVELOPMENT_ASSET_PATHS = "\"BlinkitDummy/Preview Content\"";
				DEVELOPMENT_TEAM = 7LTB7FS93L;
				ENABLE_PREVIEWS = YES;
				GENERATE_INFOPLIST_FILE = YES;
				INFOPLIST_KEY_UIApplicationSceneManifest_Generation = YES;
				INFOPLIST_KEY_UIApplicationSupportsIndirectInputEvents = YES;
				INFOPLIST_KEY_UILaunchScreen_Generation = YES;
				INFOPLIST_KEY_UISupportedInterfaceOrientations_iPad = "UIInterfaceOrientationPortrait UIInterfaceOrientationPortraitUpsideDown UIInterfaceOrientationLandscapeLeft UIInterfaceOrientationLandscapeRight";
				INFOPLIST_KEY_UISupportedInterfaceOrientations_iPhone = "UIInterfaceOrientationPortrait UIInterfaceOrientationLandscapeLeft UIInterfaceOrientationLandscapeRight";
				LD_RUNPATH_SEARCH_PATHS = (
					"$(inherited)",
					"@executable_path/Frameworks",
				);
				MARKETING_VERSION = 1.0;
				PRODUCT_BUNDLE_IDENTIFIER = com.rahulrai.BlinkitDummy;
				PRODUCT_NAME = "$(TARGET_NAME)";
				SWIFT_EMIT_LOC_STRINGS = YES;
				SWIFT_VERSION = 5.0;
				TARGETED_DEVICE_FAMILY = "1,2";
			};
			name = Debug;
		};
		B79916CB2C63CE5F00E5A5FF /* Release */ = {
			isa = XCBuildConfiguration;
			buildSettings = {
				ASSETCATALOG_COMPILER_APPICON_NAME = AppIcon;
				ASSETCATALOG_COMPILER_GLOBAL_ACCENT_COLOR_NAME = AccentColor;
				CODE_SIGN_STYLE = Automatic;
				CURRENT_PROJECT_VERSION = 1;
				DEVELOPMENT_ASSET_PATHS = "\"BlinkitDummy/Preview Content\"";
				DEVELOPMENT_TEAM = 7LTB7FS93L;
				ENABLE_PREVIEWS = YES;
				GENERATE_INFOPLIST_FILE = YES;
				INFOPLIST_KEY_UIApplicationSceneManifest_Generation = YES;
				INFOPLIST_KEY_UIApplicationSupportsIndirectInputEvents = YES;
				INFOPLIST_KEY_UILaunchScreen_Generation = YES;
				INFOPLIST_KEY_UISupportedInterfaceOrientations_iPad = "UIInterfaceOrientationPortrait UIInterfaceOrientationPortraitUpsideDown UIInterfaceOrientationLandscapeLeft UIInterfaceOrientationLandscapeRight";
				INFOPLIST_KEY_UISupportedInterfaceOrientations_iPhone = "UIInterfaceOrientationPortrait UIInterfaceOrientationLandscapeLeft UIInterfaceOrientationLandscapeRight";
				LD_RUNPATH_SEARCH_PATHS = (
					"$(inherited)",
					"@executable_path/Frameworks",
				);
				MARKETING_VERSION = 1.0;
				PRODUCT_BUNDLE_IDENTIFIER = com.rahulrai.BlinkitDummy;
				PRODUCT_NAME = "$(TARGET_NAME)";
				SWIFT_EMIT_LOC_STRINGS = YES;
				SWIFT_VERSION = 5.0;
				TARGETED_DEVICE_FAMILY = "1,2";
			};
			name = Release;
		};
/* End XCBuildConfiguration section */

/* Begin XCConfigurationList section */
		B79916B62C63CE5C00E5A5FF /* Build configuration list for PBXProject "BlinkitDummy" */ = {
			isa = XCConfigurationList;
			buildConfigurations = (
				B79916C72C63CE5F00E5A5FF /* Debug */,
				B79916C82C63CE5F00E5A5FF /* Release */,
			);
			defaultConfigurationIsVisible = 0;
			defaultConfigurationName = Release;
		};
		B79916C92C63CE5F00E5A5FF /* Build configuration list for PBXNativeTarget "BlinkitDummy" */ = {
			isa = XCConfigurationList;
			buildConfigurations = (
				B79916CA2C63CE5F00E5A5FF /* Debug */,
				B79916CB2C63CE5F00E5A5FF /* Release */,
			);
			defaultConfigurationIsVisible = 0;
			defaultConfigurationName = Release;
		};
/* End XCConfigurationList section */
	};
	rootObject = B79916B32C63CE5C00E5A5FF /* Project object */;
}
