// !$*UTF8*$!
{
	archiveVersion = 1;
	classes = {
	};
	objectVersion = 56;
	objects = {

/* Begin PBXBuildFile section */
		B7202ED52C9F39E100B4C490 /* MainNavigationBar.swift in Sources */ = {isa = PBXBuildFile; fileRef = B7202ED42C9F39E100B4C490 /* MainNavigationBar.swift */; };
		B7202ED72C9F3A0400B4C490 /* CustomNavView.swift in Sources */ = {isa = PBXBuildFile; fileRef = B7202ED62C9F3A0400B4C490 /* CustomNavView.swift */; };
		B7202ED92C9F3A2800B4C490 /* CustomNavBarContainerView.swift in Sources */ = {isa = PBXBuildFile; fileRef = B7202ED82C9F3A2800B4C490 /* CustomNavBarContainerView.swift */; };
		B7202EDB2C9F3A3B00B4C490 /* CustomNavLink.swift in Sources */ = {isa = PBXBuildFile; fileRef = B7202EDA2C9F3A3B00B4C490 /* CustomNavLink.swift */; };
		B7202EDD2C9F3A5400B4C490 /* CustomNavBarPreferenceKey.swift in Sources */ = {isa = PBXBuildFile; fileRef = B7202EDC2C9F3A5400B4C490 /* CustomNavBarPreferenceKey.swift */; };
		B7202EDF2C9F3AC500B4C490 /* AccountScreen.swift in Sources */ = {isa = PBXBuildFile; fileRef = B7202EDE2C9F3AC500B4C490 /* AccountScreen.swift */; };
		B7202EE12C9F3AF800B4C490 /* LocationBottomSheet.swift in Sources */ = {isa = PBXBuildFile; fileRef = B7202EE02C9F3AF800B4C490 /* LocationBottomSheet.swift */; };
		B7202EE32C9F3FD800B4C490 /* GroceryView.swift in Sources */ = {isa = PBXBuildFile; fileRef = B7202EE22C9F3FD800B4C490 /* GroceryView.swift */; };
		B7202EE52C9F460B00B4C490 /* DummyView.swift in Sources */ = {isa = PBXBuildFile; fileRef = B7202EE42C9F460B00B4C490 /* DummyView.swift */; };
		B7202EE82C9F542500B4C490 /* GroceryViewModel.swift in Sources */ = {isa = PBXBuildFile; fileRef = B7202EE72C9F542500B4C490 /* GroceryViewModel.swift */; };
		B7202EEB2CA02A5800B4C490 /* OrderView.swift in Sources */ = {isa = PBXBuildFile; fileRef = B7202EEA2CA02A5800B4C490 /* OrderView.swift */; };
		B7202EEF2CA02B1500B4C490 /* Order.swift in Sources */ = {isa = PBXBuildFile; fileRef = B7202EEE2CA02B1400B4C490 /* Order.swift */; };
		B7202EF12CA1F1EE00B4C490 /* ExpandableButton.swift in Sources */ = {isa = PBXBuildFile; fileRef = B7202EF02CA1F1EE00B4C490 /* ExpandableButton.swift */; };
		B7202F062CA44EA300B4C490 /* RectangleImageCell.swift in Sources */ = {isa = PBXBuildFile; fileRef = B7202F052CA44EA300B4C490 /* RectangleImageCell.swift */; };
		B7202F082CA44F1600B4C490 /* orderItemCell.swift in Sources */ = {isa = PBXBuildFile; fileRef = B7202F072CA44F1600B4C490 /* orderItemCell.swift */; };
		B7202F0A2CA4530F00B4C490 /* AddRemoveFromCartButton.swift in Sources */ = {isa = PBXBuildFile; fileRef = B7202F092CA4530F00B4C490 /* AddRemoveFromCartButton.swift */; };
		B7202F0D2CA5B4D000B4C490 /* AppTabBarView.swift in Sources */ = {isa = PBXBuildFile; fileRef = B7202F0C2CA5B4D000B4C490 /* AppTabBarView.swift */; };
		B7202F0F2CA5B4F700B4C490 /* CustomTabBarView.swift in Sources */ = {isa = PBXBuildFile; fileRef = B7202F0E2CA5B4F700B4C490 /* CustomTabBarView.swift */; };
		B7202F112CA5B51A00B4C490 /* CustomTabBarContainerView.swift in Sources */ = {isa = PBXBuildFile; fileRef = B7202F102CA5B51A00B4C490 /* CustomTabBarContainerView.swift */; };
		B7202F132CA5B54600B4C490 /* TabBarItemsPreferenceKey.swift in Sources */ = {isa = PBXBuildFile; fileRef = B7202F122CA5B54500B4C490 /* TabBarItemsPreferenceKey.swift */; };
		B7202F152CA5B56600B4C490 /* TabBarItem.swift in Sources */ = {isa = PBXBuildFile; fileRef = B7202F142CA5B56600B4C490 /* TabBarItem.swift */; };
		B740B1642CA7276D0077C7E9 /* LocationManager.swift in Sources */ = {isa = PBXBuildFile; fileRef = B740B1632CA7276D0077C7E9 /* LocationManager.swift */; };
		B740B1672CA72A330077C7E9 /* MapView.swift in Sources */ = {isa = PBXBuildFile; fileRef = B740B1662CA72A330077C7E9 /* MapView.swift */; };
		B763F2E22C67C901002C68C4 /* SubProductViewModel.swift in Sources */ = {isa = PBXBuildFile; fileRef = B763F2E12C67C900002C68C4 /* SubProductViewModel.swift */; };
		B763F2E42C67F514002C68C4 /* mockJson.json in Resources */ = {isa = PBXBuildFile; fileRef = B763F2E32C67F514002C68C4 /* mockJson.json */; };
		B763F2E62C67F785002C68C4 /* CategoryProducts.swift in Sources */ = {isa = PBXBuildFile; fileRef = B763F2E52C67F785002C68C4 /* CategoryProducts.swift */; };
		B763F2EC2C680CA1002C68C4 /* CustomScrollViewModel.swift in Sources */ = {isa = PBXBuildFile; fileRef = B763F2EB2C680CA0002C68C4 /* CustomScrollViewModel.swift */; };
		B763F2F02C681EBE002C68C4 /* ProgressBar.swift in Sources */ = {isa = PBXBuildFile; fileRef = B763F2EF2C681EBD002C68C4 /* ProgressBar.swift */; };
		B763F2F62C689FC9002C68C4 /* CategoryListView.swift in Sources */ = {isa = PBXBuildFile; fileRef = B763F2F52C689FC9002C68C4 /* CategoryListView.swift */; };
		B763F2F82C68A183002C68C4 /* ProductGridView.swift in Sources */ = {isa = PBXBuildFile; fileRef = B763F2F72C68A183002C68C4 /* ProductGridView.swift */; };
		B79916BF2C63CE5C00E5A5FF /* BlinkitDummyApp.swift in Sources */ = {isa = PBXBuildFile; fileRef = B79916BE2C63CE5C00E5A5FF /* BlinkitDummyApp.swift */; };
		B79916C12C63CE5C00E5A5FF /* ContentView.swift in Sources */ = {isa = PBXBuildFile; fileRef = B79916C02C63CE5C00E5A5FF /* ContentView.swift */; };
		B79916C32C63CE5F00E5A5FF /* Assets.xcassets in Resources */ = {isa = PBXBuildFile; fileRef = B79916C22C63CE5F00E5A5FF /* Assets.xcassets */; };
		B79916C62C63CE5F00E5A5FF /* Preview Assets.xcassets in Resources */ = {isa = PBXBuildFile; fileRef = B79916C52C63CE5F00E5A5FF /* Preview Assets.xcassets */; };
		B79916D22C63E74800E5A5FF /* SubProductView.swift in Sources */ = {isa = PBXBuildFile; fileRef = B79916D12C63E74800E5A5FF /* SubProductView.swift */; };
		B79916D42C63E7E300E5A5FF /* CategoriesView.swift in Sources */ = {isa = PBXBuildFile; fileRef = B79916D32C63E7E300E5A5FF /* CategoriesView.swift */; };
		B79916D62C63F02F00E5A5FF /* NavigationBar.swift in Sources */ = {isa = PBXBuildFile; fileRef = B79916D52C63F02F00E5A5FF /* NavigationBar.swift */; };
		B79916D82C640D0C00E5A5FF /* CategoryItemView.swift in Sources */ = {isa = PBXBuildFile; fileRef = B79916D72C640D0B00E5A5FF /* CategoryItemView.swift */; };
		B79916DA2C64A7FB00E5A5FF /* CategoryItemTag.swift in Sources */ = {isa = PBXBuildFile; fileRef = B79916D92C64A7FA00E5A5FF /* CategoryItemTag.swift */; };
		B79916DC2C64DD5700E5A5FF /* customButton.swift in Sources */ = {isa = PBXBuildFile; fileRef = B79916DB2C64DD5700E5A5FF /* customButton.swift */; };
		B79916E22C66049000E5A5FF /* CustomScrollView.swift in Sources */ = {isa = PBXBuildFile; fileRef = B79916E12C66049000E5A5FF /* CustomScrollView.swift */; };
/* End PBXBuildFile section */

/* Begin PBXFileReference section */
		B7202ED42C9F39E100B4C490 /* MainNavigationBar.swift */ = {isa = PBXFileReference; lastKnownFileType = sourcecode.swift; path = MainNavigationBar.swift; sourceTree = "<group>"; };
		B7202ED62C9F3A0400B4C490 /* CustomNavView.swift */ = {isa = PBXFileReference; lastKnownFileType = sourcecode.swift; path = CustomNavView.swift; sourceTree = "<group>"; };
		B7202ED82C9F3A2800B4C490 /* CustomNavBarContainerView.swift */ = {isa = PBXFileReference; lastKnownFileType = sourcecode.swift; path = CustomNavBarContainerView.swift; sourceTree = "<group>"; };
		B7202EDA2C9F3A3B00B4C490 /* CustomNavLink.swift */ = {isa = PBXFileReference; lastKnownFileType = sourcecode.swift; path = CustomNavLink.swift; sourceTree = "<group>"; };
		B7202EDC2C9F3A5400B4C490 /* CustomNavBarPreferenceKey.swift */ = {isa = PBXFileReference; lastKnownFileType = sourcecode.swift; path = CustomNavBarPreferenceKey.swift; sourceTree = "<group>"; };
		B7202EDE2C9F3AC500B4C490 /* AccountScreen.swift */ = {isa = PBXFileReference; lastKnownFileType = sourcecode.swift; path = AccountScreen.swift; sourceTree = "<group>"; };
		B7202EE02C9F3AF800B4C490 /* LocationBottomSheet.swift */ = {isa = PBXFileReference; lastKnownFileType = sourcecode.swift; path = LocationBottomSheet.swift; sourceTree = "<group>"; };
		B7202EE22C9F3FD800B4C490 /* GroceryView.swift */ = {isa = PBXFileReference; lastKnownFileType = sourcecode.swift; path = GroceryView.swift; sourceTree = "<group>"; };
		B7202EE42C9F460B00B4C490 /* DummyView.swift */ = {isa = PBXFileReference; lastKnownFileType = sourcecode.swift; path = DummyView.swift; sourceTree = "<group>"; };
		B7202EE72C9F542500B4C490 /* GroceryViewModel.swift */ = {isa = PBXFileReference; lastKnownFileType = sourcecode.swift; path = GroceryViewModel.swift; sourceTree = "<group>"; };
		B7202EEA2CA02A5800B4C490 /* OrderView.swift */ = {isa = PBXFileReference; lastKnownFileType = sourcecode.swift; path = OrderView.swift; sourceTree = "<group>"; };
		B7202EEE2CA02B1400B4C490 /* Order.swift */ = {isa = PBXFileReference; lastKnownFileType = sourcecode.swift; path = Order.swift; sourceTree = "<group>"; };
		B7202EF02CA1F1EE00B4C490 /* ExpandableButton.swift */ = {isa = PBXFileReference; lastKnownFileType = sourcecode.swift; path = ExpandableButton.swift; sourceTree = "<group>"; };
		B7202F052CA44EA300B4C490 /* RectangleImageCell.swift */ = {isa = PBXFileReference; lastKnownFileType = sourcecode.swift; path = RectangleImageCell.swift; sourceTree = "<group>"; };
		B7202F072CA44F1600B4C490 /* orderItemCell.swift */ = {isa = PBXFileReference; lastKnownFileType = sourcecode.swift; path = orderItemCell.swift; sourceTree = "<group>"; };
		B7202F092CA4530F00B4C490 /* AddRemoveFromCartButton.swift */ = {isa = PBXFileReference; lastKnownFileType = sourcecode.swift; path = AddRemoveFromCartButton.swift; sourceTree = "<group>"; };
		B7202F0C2CA5B4D000B4C490 /* AppTabBarView.swift */ = {isa = PBXFileReference; lastKnownFileType = sourcecode.swift; path = AppTabBarView.swift; sourceTree = "<group>"; };
		B7202F0E2CA5B4F700B4C490 /* CustomTabBarView.swift */ = {isa = PBXFileReference; lastKnownFileType = sourcecode.swift; path = CustomTabBarView.swift; sourceTree = "<group>"; };
		B7202F102CA5B51A00B4C490 /* CustomTabBarContainerView.swift */ = {isa = PBXFileReference; lastKnownFileType = sourcecode.swift; path = CustomTabBarContainerView.swift; sourceTree = "<group>"; };
		B7202F122CA5B54500B4C490 /* TabBarItemsPreferenceKey.swift */ = {isa = PBXFileReference; lastKnownFileType = sourcecode.swift; path = TabBarItemsPreferenceKey.swift; sourceTree = "<group>"; };
		B7202F142CA5B56600B4C490 /* TabBarItem.swift */ = {isa = PBXFileReference; lastKnownFileType = sourcecode.swift; path = TabBarItem.swift; sourceTree = "<group>"; };
		B740B1632CA7276D0077C7E9 /* LocationManager.swift */ = {isa = PBXFileReference; lastKnownFileType = sourcecode.swift; path = LocationManager.swift; sourceTree = "<group>"; };
		B740B1662CA72A330077C7E9 /* MapView.swift */ = {isa = PBXFileReference; lastKnownFileType = sourcecode.swift; path = MapView.swift; sourceTree = "<group>"; };
		B763F2E02C67BB8E002C68C4 /* Info.plist */ = {isa = PBXFileReference; lastKnownFileType = text.plist; path = Info.plist; sourceTree = "<group>"; };
		B763F2E12C67C900002C68C4 /* SubProductViewModel.swift */ = {isa = PBXFileReference; lastKnownFileType = sourcecode.swift; path = SubProductViewModel.swift; sourceTree = "<group>"; };
		B763F2E32C67F514002C68C4 /* mockJson.json */ = {isa = PBXFileReference; lastKnownFileType = text.json; path = mockJson.json; sourceTree = "<group>"; };
		B763F2E52C67F785002C68C4 /* CategoryProducts.swift */ = {isa = PBXFileReference; lastKnownFileType = sourcecode.swift; name = CategoryProducts.swift; path = BlinkitDummy/Utils/CategoryProducts.swift; sourceTree = SOURCE_ROOT; };
		B763F2EB2C680CA0002C68C4 /* CustomScrollViewModel.swift */ = {isa = PBXFileReference; lastKnownFileType = sourcecode.swift; path = CustomScrollViewModel.swift; sourceTree = "<group>"; };
		B763F2EF2C681EBD002C68C4 /* ProgressBar.swift */ = {isa = PBXFileReference; lastKnownFileType = sourcecode.swift; path = ProgressBar.swift; sourceTree = "<group>"; };
		B763F2F52C689FC9002C68C4 /* CategoryListView.swift */ = {isa = PBXFileReference; lastKnownFileType = sourcecode.swift; path = CategoryListView.swift; sourceTree = "<group>"; };
		B763F2F72C68A183002C68C4 /* ProductGridView.swift */ = {isa = PBXFileReference; lastKnownFileType = sourcecode.swift; path = ProductGridView.swift; sourceTree = "<group>"; };
		B79916BB2C63CE5C00E5A5FF /* BlinkitDummy.app */ = {isa = PBXFileReference; explicitFileType = wrapper.application; includeInIndex = 0; path = BlinkitDummy.app; sourceTree = BUILT_PRODUCTS_DIR; };
		B79916BE2C63CE5C00E5A5FF /* BlinkitDummyApp.swift */ = {isa = PBXFileReference; lastKnownFileType = sourcecode.swift; path = BlinkitDummyApp.swift; sourceTree = "<group>"; };
		B79916C02C63CE5C00E5A5FF /* ContentView.swift */ = {isa = PBXFileReference; lastKnownFileType = sourcecode.swift; path = ContentView.swift; sourceTree = "<group>"; };
		B79916C22C63CE5F00E5A5FF /* Assets.xcassets */ = {isa = PBXFileReference; lastKnownFileType = folder.assetcatalog; path = Assets.xcassets; sourceTree = "<group>"; };
		B79916C52C63CE5F00E5A5FF /* Preview Assets.xcassets */ = {isa = PBXFileReference; lastKnownFileType = folder.assetcatalog; path = "Preview Assets.xcassets"; sourceTree = "<group>"; };
		B79916D12C63E74800E5A5FF /* SubProductView.swift */ = {isa = PBXFileReference; lastKnownFileType = sourcecode.swift; path = SubProductView.swift; sourceTree = "<group>"; };
		B79916D32C63E7E300E5A5FF /* CategoriesView.swift */ = {isa = PBXFileReference; lastKnownFileType = sourcecode.swift; path = CategoriesView.swift; sourceTree = "<group>"; };
		B79916D52C63F02F00E5A5FF /* NavigationBar.swift */ = {isa = PBXFileReference; lastKnownFileType = sourcecode.swift; path = NavigationBar.swift; sourceTree = "<group>"; };
		B79916D72C640D0B00E5A5FF /* CategoryItemView.swift */ = {isa = PBXFileReference; lastKnownFileType = sourcecode.swift; path = CategoryItemView.swift; sourceTree = "<group>"; };
		B79916D92C64A7FA00E5A5FF /* CategoryItemTag.swift */ = {isa = PBXFileReference; lastKnownFileType = sourcecode.swift; path = CategoryItemTag.swift; sourceTree = "<group>"; };
		B79916DB2C64DD5700E5A5FF /* customButton.swift */ = {isa = PBXFileReference; lastKnownFileType = sourcecode.swift; path = customButton.swift; sourceTree = "<group>"; };
		B79916E12C66049000E5A5FF /* CustomScrollView.swift */ = {isa = PBXFileReference; lastKnownFileType = sourcecode.swift; path = CustomScrollView.swift; sourceTree = "<group>"; };
/* End PBXFileReference section */

/* Begin PBXFrameworksBuildPhase section */
		B79916B82C63CE5C00E5A5FF /* Frameworks */ = {
			isa = PBXFrameworksBuildPhase;
			buildActionMask = 2147483647;
			files = (
			);
			runOnlyForDeploymentPostprocessing = 0;
		};
/* End PBXFrameworksBuildPhase section */

/* Begin PBXGroup section */
		B7202ED32C9F398600B4C490 /* MainNavigationBar */ = {
			isa = PBXGroup;
			children = (
				B7202ED42C9F39E100B4C490 /* MainNavigationBar.swift */,
				B7202ED62C9F3A0400B4C490 /* CustomNavView.swift */,
				B7202ED82C9F3A2800B4C490 /* CustomNavBarContainerView.swift */,
				B7202EDA2C9F3A3B00B4C490 /* CustomNavLink.swift */,
				B7202EDC2C9F3A5400B4C490 /* CustomNavBarPreferenceKey.swift */,
			);
			path = MainNavigationBar;
			sourceTree = "<group>";
		};
		B7202EE62C9F53C900B4C490 /* GroceryView */ = {
			isa = PBXGroup;
			children = (
				B7202EE22C9F3FD800B4C490 /* GroceryView.swift */,
				B7202EE72C9F542500B4C490 /* GroceryViewModel.swift */,
			);
			path = GroceryView;
			sourceTree = "<group>";
		};
		B7202EE92CA02A4600B4C490 /* OrderView */ = {
			isa = PBXGroup;
			children = (
				B7202EEA2CA02A5800B4C490 /* OrderView.swift */,
				B7202EEE2CA02B1400B4C490 /* Order.swift */,
			);
			path = OrderView;
			sourceTree = "<group>";
		};
		B7202F0B2CA5B49100B4C490 /* CustomTabBar */ = {
			isa = PBXGroup;
			children = (
				B7202F0C2CA5B4D000B4C490 /* AppTabBarView.swift */,
				B7202F0E2CA5B4F700B4C490 /* CustomTabBarView.swift */,
				B7202F102CA5B51A00B4C490 /* CustomTabBarContainerView.swift */,
				B7202F122CA5B54500B4C490 /* TabBarItemsPreferenceKey.swift */,
				B7202F142CA5B56600B4C490 /* TabBarItem.swift */,
			);
			path = CustomTabBar;
			sourceTree = "<group>";
		};
		B740B1622CA727440077C7E9 /* Manager */ = {
			isa = PBXGroup;
			children = (
				B740B1632CA7276D0077C7E9 /* LocationManager.swift */,
			);
			path = Manager;
			sourceTree = "<group>";
		};
		B740B1652CA72A1E0077C7E9 /* LocationView */ = {
			isa = PBXGroup;
			children = (
				B740B1662CA72A330077C7E9 /* MapView.swift */,
			);
			path = LocationView;
			sourceTree = "<group>";
		};
		B763F2E92C680C44002C68C4 /* SubProductView */ = {
			isa = PBXGroup;
			children = (
				B79916D12C63E74800E5A5FF /* SubProductView.swift */,
				B763F2E12C67C900002C68C4 /* SubProductViewModel.swift */,
			);
			path = SubProductView;
			sourceTree = "<group>";
		};
		B763F2EA2C680C62002C68C4 /* CustomScrollView */ = {
			isa = PBXGroup;
			children = (
				B79916E12C66049000E5A5FF /* CustomScrollView.swift */,
				B763F2EB2C680CA0002C68C4 /* CustomScrollViewModel.swift */,
			);
			path = CustomScrollView;
			sourceTree = "<group>";
		};
		B763F2F12C683173002C68C4 /* Buttons */ = {
			isa = PBXGroup;
			children = (
				B79916DB2C64DD5700E5A5FF /* customButton.swift */,
			);
			path = Buttons;
			sourceTree = "<group>";
		};
		B763F2F22C68317E002C68C4 /* NavBar */ = {
			isa = PBXGroup;
			children = (
				B79916D52C63F02F00E5A5FF /* NavigationBar.swift */,
			);
			path = NavBar;
			sourceTree = "<group>";
		};
		B79916B22C63CE5C00E5A5FF = {
			isa = PBXGroup;
			children = (
				B79916BD2C63CE5C00E5A5FF /* BlinkitDummy */,
				B79916BC2C63CE5C00E5A5FF /* Products */,
			);
			sourceTree = "<group>";
		};
		B79916BC2C63CE5C00E5A5FF /* Products */ = {
			isa = PBXGroup;
			children = (
				B79916BB2C63CE5C00E5A5FF /* BlinkitDummy.app */,
			);
			name = Products;
			sourceTree = "<group>";
		};
		B79916BD2C63CE5C00E5A5FF /* BlinkitDummy */ = {
			isa = PBXGroup;
			children = (
				B763F2E02C67BB8E002C68C4 /* Info.plist */,
				B79916CE2C63E56400E5A5FF /* Utils */,
				B79916CD2C63E55B00E5A5FF /* Models */,
				B79916CC2C63E55500E5A5FF /* MainViews */,
				B79916C22C63CE5F00E5A5FF /* Assets.xcassets */,
				B79916C42C63CE5F00E5A5FF /* Preview Content */,
			);
			path = BlinkitDummy;
			sourceTree = "<group>";
		};
		B79916C42C63CE5F00E5A5FF /* Preview Content */ = {
			isa = PBXGroup;
			children = (
				B79916C52C63CE5F00E5A5FF /* Preview Assets.xcassets */,
			);
			path = "Preview Content";
			sourceTree = "<group>";
		};
		B79916CC2C63E55500E5A5FF /* MainViews */ = {
			isa = PBXGroup;
			children = (
				B79916BE2C63CE5C00E5A5FF /* BlinkitDummyApp.swift */,
				B79916C02C63CE5C00E5A5FF /* ContentView.swift */,
				B7202F0B2CA5B49100B4C490 /* CustomTabBar */,
				B7202ED32C9F398600B4C490 /* MainNavigationBar */,
				B763F2F22C68317E002C68C4 /* NavBar */,
				B79916CF2C63E57300E5A5FF /* Views */,
				B79916D02C63E57C00E5A5FF /* Components */,
				B7202EE42C9F460B00B4C490 /* DummyView.swift */,
			);
			path = MainViews;
			sourceTree = "<group>";
		};
		B79916CD2C63E55B00E5A5FF /* Models */ = {
			isa = PBXGroup;
			children = (
				B763F2E52C67F785002C68C4 /* CategoryProducts.swift */,
			);
			path = Models;
			sourceTree = "<group>";
		};
		B79916CE2C63E56400E5A5FF /* Utils */ = {
			isa = PBXGroup;
			children = (
				B763F2E32C67F514002C68C4 /* mockJson.json */,
				B763F2F12C683173002C68C4 /* Buttons */,
			);
			path = Utils;
			sourceTree = "<group>";
		};
		B79916CF2C63E57300E5A5FF /* Views */ = {
			isa = PBXGroup;
			children = (
				B740B1652CA72A1E0077C7E9 /* LocationView */,
				B740B1622CA727440077C7E9 /* Manager */,
				B7202EE92CA02A4600B4C490 /* OrderView */,
				B7202EE62C9F53C900B4C490 /* GroceryView */,
				B763F2E92C680C44002C68C4 /* SubProductView */,
				B763F2F52C689FC9002C68C4 /* CategoryListView.swift */,
				B763F2F72C68A183002C68C4 /* ProductGridView.swift */,
				B763F2EA2C680C62002C68C4 /* CustomScrollView */,
				B7202EDE2C9F3AC500B4C490 /* AccountScreen.swift */,
				B7202EE02C9F3AF800B4C490 /* LocationBottomSheet.swift */,
			);
			path = Views;
			sourceTree = "<group>";
		};
		B79916D02C63E57C00E5A5FF /* Components */ = {
			isa = PBXGroup;
			children = (
				B79916D32C63E7E300E5A5FF /* CategoriesView.swift */,
				B79916D72C640D0B00E5A5FF /* CategoryItemView.swift */,
				B79916D92C64A7FA00E5A5FF /* CategoryItemTag.swift */,
				B763F2EF2C681EBD002C68C4 /* ProgressBar.swift */,
				B7202EF02CA1F1EE00B4C490 /* ExpandableButton.swift */,
				B7202F052CA44EA300B4C490 /* RectangleImageCell.swift */,
				B7202F072CA44F1600B4C490 /* orderItemCell.swift */,
				B7202F092CA4530F00B4C490 /* AddRemoveFromCartButton.swift */,
			);
			path = Components;
			sourceTree = "<group>";
		};
/* End PBXGroup section */

/* Begin PBXNativeTarget section */
		B79916BA2C63CE5C00E5A5FF /* BlinkitDummy */ = {
			isa = PBXNativeTarget;
			buildConfigurationList = B79916C92C63CE5F00E5A5FF /* Build configuration list for PBXNativeTarget "BlinkitDummy" */;
			buildPhases = (
				B79916B72C63CE5C00E5A5FF /* Sources */,
				B79916B82C63CE5C00E5A5FF /* Frameworks */,
				B79916B92C63CE5C00E5A5FF /* Resources */,
			);
			buildRules = (
			);
			dependencies = (
			);
			name = BlinkitDummy;
			productName = BlinkitDummy;
			productReference = B79916BB2C63CE5C00E5A5FF /* BlinkitDummy.app */;
			productType = "com.apple.product-type.application";
		};
/* End PBXNativeTarget section */

/* Begin PBXProject section */
		B79916B32C63CE5C00E5A5FF /* Project object */ = {
			isa = PBXProject;
			attributes = {
				BuildIndependentTargetsInParallel = 1;
				LastSwiftUpdateCheck = 1540;
				LastUpgradeCheck = 1540;
				TargetAttributes = {
					B79916BA2C63CE5C00E5A5FF = {
						CreatedOnToolsVersion = 15.4;
					};
				};
			};
			buildConfigurationList = B79916B62C63CE5C00E5A5FF /* Build configuration list for PBXProject "BlinkitDummy" */;
			compatibilityVersion = "Xcode 14.0";
			developmentRegion = en;
			hasScannedForEncodings = 0;
			knownRegions = (
				en,
				Base,
			);
			mainGroup = B79916B22C63CE5C00E5A5FF;
			productRefGroup = B79916BC2C63CE5C00E5A5FF /* Products */;
			projectDirPath = "";
			projectRoot = "";
			targets = (
				B79916BA2C63CE5C00E5A5FF /* BlinkitDummy */,
			);
		};
/* End PBXProject section */

/* Begin PBXResourcesBuildPhase section */
		B79916B92C63CE5C00E5A5FF /* Resources */ = {
			isa = PBXResourcesBuildPhase;
			buildActionMask = 2147483647;
			files = (
				B79916C62C63CE5F00E5A5FF /* Preview Assets.xcassets in Resources */,
				B763F2E42C67F514002C68C4 /* mockJson.json in Resources */,
				B79916C32C63CE5F00E5A5FF /* Assets.xcassets in Resources */,
			);
			runOnlyForDeploymentPostprocessing = 0;
		};
/* End PBXResourcesBuildPhase section */

/* Begin PBXSourcesBuildPhase section */
		B79916B72C63CE5C00E5A5FF /* Sources */ = {
			isa = PBXSourcesBuildPhase;
			buildActionMask = 2147483647;
			files = (
				B79916D62C63F02F00E5A5FF /* NavigationBar.swift in Sources */,
				B7202EEB2CA02A5800B4C490 /* OrderView.swift in Sources */,
				B7202EE52C9F460B00B4C490 /* DummyView.swift in Sources */,
				B79916D42C63E7E300E5A5FF /* CategoriesView.swift in Sources */,
				B79916DA2C64A7FB00E5A5FF /* CategoryItemTag.swift in Sources */,
				B7202F082CA44F1600B4C490 /* orderItemCell.swift in Sources */,
				B7202EE32C9F3FD800B4C490 /* GroceryView.swift in Sources */,
				B7202EDD2C9F3A5400B4C490 /* CustomNavBarPreferenceKey.swift in Sources */,
				B763F2E22C67C901002C68C4 /* SubProductViewModel.swift in Sources */,
				B79916D22C63E74800E5A5FF /* SubProductView.swift in Sources */,
				B7202ED92C9F3A2800B4C490 /* CustomNavBarContainerView.swift in Sources */,
				B763F2F62C689FC9002C68C4 /* CategoryListView.swift in Sources */,
				B7202ED72C9F3A0400B4C490 /* CustomNavView.swift in Sources */,
				B7202F112CA5B51A00B4C490 /* CustomTabBarContainerView.swift in Sources */,
				B7202F132CA5B54600B4C490 /* TabBarItemsPreferenceKey.swift in Sources */,
				B740B1672CA72A330077C7E9 /* MapView.swift in Sources */,
				B7202EEF2CA02B1500B4C490 /* Order.swift in Sources */,
				B79916DC2C64DD5700E5A5FF /* customButton.swift in Sources */,
				B7202F0A2CA4530F00B4C490 /* AddRemoveFromCartButton.swift in Sources */,
				B763F2EC2C680CA1002C68C4 /* CustomScrollViewModel.swift in Sources */,
				B79916D82C640D0C00E5A5FF /* CategoryItemView.swift in Sources */,
				B763F2E62C67F785002C68C4 /* CategoryProducts.swift in Sources */,
				B7202EF12CA1F1EE00B4C490 /* ExpandableButton.swift in Sources */,
				B7202EDB2C9F3A3B00B4C490 /* CustomNavLink.swift in Sources */,
				B7202F0F2CA5B4F700B4C490 /* CustomTabBarView.swift in Sources */,
				B763F2F02C681EBE002C68C4 /* ProgressBar.swift in Sources */,
				B7202F0D2CA5B4D000B4C490 /* AppTabBarView.swift in Sources */,
				B79916C12C63CE5C00E5A5FF /* ContentView.swift in Sources */,
				B7202ED52C9F39E100B4C490 /* MainNavigationBar.swift in Sources */,
				B7202EE12C9F3AF800B4C490 /* LocationBottomSheet.swift in Sources */,
				B79916BF2C63CE5C00E5A5FF /* BlinkitDummyApp.swift in Sources */,
				B7202F152CA5B56600B4C490 /* TabBarItem.swift in Sources */,
				B7202EE82C9F542500B4C490 /* GroceryViewModel.swift in Sources */,
				B7202F062CA44EA300B4C490 /* RectangleImageCell.swift in Sources */,
				B7202EDF2C9F3AC500B4C490 /* AccountScreen.swift in Sources */,
				B763F2F82C68A183002C68C4 /* ProductGridView.swift in Sources */,
				B79916E22C66049000E5A5FF /* CustomScrollView.swift in Sources */,
				B740B1642CA7276D0077C7E9 /* LocationManager.swift in Sources */,
			);
			runOnlyForDeploymentPostprocessing = 0;
		};
/* End PBXSourcesBuildPhase section */

/* Begin XCBuildConfiguration section */
		B79916C72C63CE5F00E5A5FF /* Debug */ = {
			isa = XCBuildConfiguration;
			buildSettings = {
				ALWAYS_SEARCH_USER_PATHS = NO;
				ASSETCATALOG_COMPILER_GENERATE_SWIFT_ASSET_SYMBOL_EXTENSIONS = YES;
				CLANG_ANALYZER_NONNULL = YES;
				CLANG_ANALYZER_NUMBER_OBJECT_CONVERSION = YES_AGGRESSIVE;
				CLANG_CXX_LANGUAGE_STANDARD = "gnu++20";
				CLANG_ENABLE_MODULES = YES;
				CLANG_ENABLE_OBJC_ARC = YES;
				CLANG_ENABLE_OBJC_WEAK = YES;
				CLANG_WARN_BLOCK_CAPTURE_AUTORELEASING = YES;
				CLANG_WARN_BOOL_CONVERSION = YES;
				CLANG_WARN_COMMA = YES;
				CLANG_WARN_CONSTANT_CONVERSION = YES;
				CLANG_WARN_DEPRECATED_OBJC_IMPLEMENTATIONS = YES;
				CLANG_WARN_DIRECT_OBJC_ISA_USAGE = YES_ERROR;
				CLANG_WARN_DOCUMENTATION_COMMENTS = YES;
				CLANG_WARN_EMPTY_BODY = YES;
				CLANG_WARN_ENUM_CONVERSION = YES;
				CLANG_WARN_INFINITE_RECURSION = YES;
				CLANG_WARN_INT_CONVERSION = YES;
				CLANG_WARN_NON_LITERAL_NULL_CONVERSION = YES;
				CLANG_WARN_OBJC_IMPLICIT_RETAIN_SELF = YES;
				CLANG_WARN_OBJC_LITERAL_CONVERSION = YES;
				CLANG_WARN_OBJC_ROOT_CLASS = YES_ERROR;
				CLANG_WARN_QUOTED_INCLUDE_IN_FRAMEWORK_HEADER = YES;
				CLANG_WARN_RANGE_LOOP_ANALYSIS = YES;
				CLANG_WARN_STRICT_PROTOTYPES = YES;
				CLANG_WARN_SUSPICIOUS_MOVE = YES;
				CLANG_WARN_UNGUARDED_AVAILABILITY = YES_AGGRESSIVE;
				CLANG_WARN_UNREACHABLE_CODE = YES;
				CLANG_WARN__DUPLICATE_METHOD_MATCH = YES;
				COPY_PHASE_STRIP = NO;
				DEBUG_INFORMATION_FORMAT = dwarf;
				ENABLE_STRICT_OBJC_MSGSEND = YES;
				ENABLE_TESTABILITY = YES;
				ENABLE_USER_SCRIPT_SANDBOXING = YES;
				GCC_C_LANGUAGE_STANDARD = gnu17;
				GCC_DYNAMIC_NO_PIC = NO;
				GCC_NO_COMMON_BLOCKS = YES;
				GCC_OPTIMIZATION_LEVEL = 0;
				GCC_PREPROCESSOR_DEFINITIONS = (
					"DEBUG=1",
					"$(inherited)",
				);
				GCC_WARN_64_TO_32_BIT_CONVERSION = YES;
				GCC_WARN_ABOUT_RETURN_TYPE = YES_ERROR;
				GCC_WARN_UNDECLARED_SELECTOR = YES;
				GCC_WARN_UNINITIALIZED_AUTOS = YES_AGGRESSIVE;
				GCC_WARN_UNUSED_FUNCTION = YES;
				GCC_WARN_UNUSED_VARIABLE = YES;
				INFOPLIST_KEY_NSLocationAlwaysAndWhenInUseUsageDescription = "";
				INFOPLIST_KEY_UIUserInterfaceStyle = Light;
				IPHONEOS_DEPLOYMENT_TARGET = 17.5;
				LOCALIZATION_PREFERS_STRING_CATALOGS = YES;
				MTL_ENABLE_DEBUG_INFO = INCLUDE_SOURCE;
				MTL_FAST_MATH = YES;
				ONLY_ACTIVE_ARCH = YES;
				SDKROOT = iphoneos;
				SWIFT_ACTIVE_COMPILATION_CONDITIONS = "DEBUG $(inherited)";
				SWIFT_OPTIMIZATION_LEVEL = "-Onone";
			};
			name = Debug;
		};
		B79916C82C63CE5F00E5A5FF /* Release */ = {
			isa = XCBuildConfiguration;
			buildSettings = {
				ALWAYS_SEARCH_USER_PATHS = NO;
				ASSETCATALOG_COMPILER_GENERATE_SWIFT_ASSET_SYMBOL_EXTENSIONS = YES;
				CLANG_ANALYZER_NONNULL = YES;
				CLANG_ANALYZER_NUMBER_OBJECT_CONVERSION = YES_AGGRESSIVE;
				CLANG_CXX_LANGUAGE_STANDARD = "gnu++20";
				CLANG_ENABLE_MODULES = YES;
				CLANG_ENABLE_OBJC_ARC = YES;
				CLANG_ENABLE_OBJC_WEAK = YES;
				CLANG_WARN_BLOCK_CAPTURE_AUTORELEASING = YES;
				CLANG_WARN_BOOL_CONVERSION = YES;
				CLANG_WARN_COMMA = YES;
				CLANG_WARN_CONSTANT_CONVERSION = YES;
				CLANG_WARN_DEPRECATED_OBJC_IMPLEMENTATIONS = YES;
				CLANG_WARN_DIRECT_OBJC_ISA_USAGE = YES_ERROR;
				CLANG_WARN_DOCUMENTATION_COMMENTS = YES;
				CLANG_WARN_EMPTY_BODY = YES;
				CLANG_WARN_ENUM_CONVERSION = YES;
				CLANG_WARN_INFINITE_RECURSION = YES;
				CLANG_WARN_INT_CONVERSION = YES;
				CLANG_WARN_NON_LITERAL_NULL_CONVERSION = YES;
				CLANG_WARN_OBJC_IMPLICIT_RETAIN_SELF = YES;
				CLANG_WARN_OBJC_LITERAL_CONVERSION = YES;
				CLANG_WARN_OBJC_ROOT_CLASS = YES_ERROR;
				CLANG_WARN_QUOTED_INCLUDE_IN_FRAMEWORK_HEADER = YES;
				CLANG_WARN_RANGE_LOOP_ANALYSIS = YES;
				CLANG_WARN_STRICT_PROTOTYPES = YES;
				CLANG_WARN_SUSPICIOUS_MOVE = YES;
				CLANG_WARN_UNGUARDED_AVAILABILITY = YES_AGGRESSIVE;
				CLANG_WARN_UNREACHABLE_CODE = YES;
				CLANG_WARN__DUPLICATE_METHOD_MATCH = YES;
				COPY_PHASE_STRIP = NO;
				DEBUG_INFORMATION_FORMAT = "dwarf-with-dsym";
				ENABLE_NS_ASSERTIONS = NO;
				ENABLE_STRICT_OBJC_MSGSEND = YES;
				ENABLE_USER_SCRIPT_SANDBOXING = YES;
				GCC_C_LANGUAGE_STANDARD = gnu17;
				GCC_NO_COMMON_BLOCKS = YES;
				GCC_WARN_64_TO_32_BIT_CONVERSION = YES;
				GCC_WARN_ABOUT_RETURN_TYPE = YES_ERROR;
				GCC_WARN_UNDECLARED_SELECTOR = YES;
				GCC_WARN_UNINITIALIZED_AUTOS = YES_AGGRESSIVE;
				GCC_WARN_UNUSED_FUNCTION = YES;
				GCC_WARN_UNUSED_VARIABLE = YES;
				INFOPLIST_KEY_NSLocationAlwaysAndWhenInUseUsageDescription = "";
				INFOPLIST_KEY_UIUserInterfaceStyle = Light;
				IPHONEOS_DEPLOYMENT_TARGET = 17.5;
				LOCALIZATION_PREFERS_STRING_CATALOGS = YES;
				MTL_ENABLE_DEBUG_INFO = NO;
				MTL_FAST_MATH = YES;
				SDKROOT = iphoneos;
				SWIFT_COMPILATION_MODE = wholemodule;
				VALIDATE_PRODUCT = YES;
			};
			name = Release;
		};
		B79916CA2C63CE5F00E5A5FF /* Debug */ = {
			isa = XCBuildConfiguration;
			buildSettings = {
				ASSETCATALOG_COMPILER_APPICON_NAME = AppIcon;
				ASSETCATALOG_COMPILER_GLOBAL_ACCENT_COLOR_NAME = AccentColor;
				CODE_SIGN_STYLE = Automatic;
				CURRENT_PROJECT_VERSION = 1;
				DEVELOPMENT_ASSET_PATHS = "\"BlinkitDummy/Preview Content\"";
				DEVELOPMENT_TEAM = 7LTB7FS93L;
				ENABLE_PREVIEWS = YES;
				GENERATE_INFOPLIST_FILE = YES;
				INFOPLIST_FILE = BlinkitDummy/Info.plist;
				INFOPLIST_KEY_NSLocationWhenInUseUsageDescription = "We need your location";
				INFOPLIST_KEY_UIApplicationSceneManifest_Generation = YES;
				INFOPLIST_KEY_UIApplicationSupportsIndirectInputEvents = YES;
				INFOPLIST_KEY_UILaunchScreen_Generation = YES;
				INFOPLIST_KEY_UISupportedInterfaceOrientations_iPad = "UIInterfaceOrientationPortrait UIInterfaceOrientationPortraitUpsideDown UIInterfaceOrientationLandscapeLeft UIInterfaceOrientationLandscapeRight";
				INFOPLIST_KEY_UISupportedInterfaceOrientations_iPhone = "UIInterfaceOrientationPortrait UIInterfaceOrientationLandscapeLeft UIInterfaceOrientationLandscapeRight";
				INFOPLIST_KEY_UIUserInterfaceStyle = "";
				LD_RUNPATH_SEARCH_PATHS = (
					"$(inherited)",
					"@executable_path/Frameworks",
				);
				MARKETING_VERSION = 1.0;
				PRODUCT_BUNDLE_IDENTIFIER = com.rahulrai.BlinkitDummy;
				PRODUCT_NAME = "$(TARGET_NAME)";
				SWIFT_EMIT_LOC_STRINGS = YES;
				SWIFT_VERSION = 5.0;
				TARGETED_DEVICE_FAMILY = "1,2";
			};
			name = Debug;
		};
		B79916CB2C63CE5F00E5A5FF /* Release */ = {
			isa = XCBuildConfiguration;
			buildSettings = {
				ASSETCATALOG_COMPILER_APPICON_NAME = AppIcon;
				ASSETCATALOG_COMPILER_GLOBAL_ACCENT_COLOR_NAME = AccentColor;
				CODE_SIGN_STYLE = Automatic;
				CURRENT_PROJECT_VERSION = 1;
				DEVELOPMENT_ASSET_PATHS = "\"BlinkitDummy/Preview Content\"";
				DEVELOPMENT_TEAM = 7LTB7FS93L;
				ENABLE_PREVIEWS = YES;
				GENERATE_INFOPLIST_FILE = YES;
				INFOPLIST_FILE = BlinkitDummy/Info.plist;
				INFOPLIST_KEY_NSLocationWhenInUseUsageDescription = "We need your location";
				INFOPLIST_KEY_UIApplicationSceneManifest_Generation = YES;
				INFOPLIST_KEY_UIApplicationSupportsIndirectInputEvents = YES;
				INFOPLIST_KEY_UILaunchScreen_Generation = YES;
				INFOPLIST_KEY_UISupportedInterfaceOrientations_iPad = "UIInterfaceOrientationPortrait UIInterfaceOrientationPortraitUpsideDown UIInterfaceOrientationLandscapeLeft UIInterfaceOrientationLandscapeRight";
				INFOPLIST_KEY_UISupportedInterfaceOrientations_iPhone = "UIInterfaceOrientationPortrait UIInterfaceOrientationLandscapeLeft UIInterfaceOrientationLandscapeRight";
				INFOPLIST_KEY_UIUserInterfaceStyle = "";
				LD_RUNPATH_SEARCH_PATHS = (
					"$(inherited)",
					"@executable_path/Frameworks",
				);
				MARKETING_VERSION = 1.0;
				PRODUCT_BUNDLE_IDENTIFIER = com.rahulrai.BlinkitDummy;
				PRODUCT_NAME = "$(TARGET_NAME)";
				SWIFT_EMIT_LOC_STRINGS = YES;
				SWIFT_VERSION = 5.0;
				TARGETED_DEVICE_FAMILY = "1,2";
			};
			name = Release;
		};
/* End XCBuildConfiguration section */

/* Begin XCConfigurationList section */
		B79916B62C63CE5C00E5A5FF /* Build configuration list for PBXProject "BlinkitDummy" */ = {
			isa = XCConfigurationList;
			buildConfigurations = (
				B79916C72C63CE5F00E5A5FF /* Debug */,
				B79916C82C63CE5F00E5A5FF /* Release */,
			);
			defaultConfigurationIsVisible = 0;
			defaultConfigurationName = Release;
		};
		B79916C92C63CE5F00E5A5FF /* Build configuration list for PBXNativeTarget "BlinkitDummy" */ = {
			isa = XCConfigurationList;
			buildConfigurations = (
				B79916CA2C63CE5F00E5A5FF /* Debug */,
				B79916CB2C63CE5F00E5A5FF /* Release */,
			);
			defaultConfigurationIsVisible = 0;
			defaultConfigurationName = Release;
		};
/* End XCConfigurationList section */
	};
	rootObject = B79916B32C63CE5C00E5A5FF /* Project object */;
}
